{
    "_readme": [
        "This file locks the dependencies of your project to a known state",
        "Read more about it at https://getcomposer.org/doc/01-basic-usage.md#composer-lock-the-lock-file",
        "This file is @generated automatically"
    ],
    "hash": "d9c1d4989cf816dc43fb31d4a041f17d",
    "content-hash": "63b825f4ee5cc7d767fb68fb246ae31e",
    "packages": [
        {
            "name": "graylog2/gelf-php",
            "version": "1.4.1",
            "source": {
                "type": "git",
                "url": "https://github.com/bzikarsky/gelf-php.git",
                "reference": "4230f22e2944f377b057edbc31c35a360edfbce9"
            },
            "dist": {
                "type": "zip",
                "url": "https://api.github.com/repos/bzikarsky/gelf-php/zipball/4230f22e2944f377b057edbc31c35a360edfbce9",
                "reference": "4230f22e2944f377b057edbc31c35a360edfbce9",
                "shasum": ""
            },
            "require": {
                "php": ">=5.3.9",
                "psr/log": "~1.0"
            },
            "provide": {
                "psr/log-implementation": "~1.0"
            },
            "require-dev": {
                "phpunit/phpunit": "~4.3",
                "squizlabs/php_codesniffer": "~2.0"
            },
            "type": "library",
            "extra": {
                "branch-alias": {
                    "dev-master": "1.3.x-dev"
                }
            },
            "autoload": {
                "psr-4": {
                    "Gelf\\": "src/Gelf"
                }
            },
            "notification-url": "https://packagist.org/downloads/",
            "license": [
                "MIT"
            ],
            "authors": [
                {
                    "name": "Benjamin Zikarsky",
                    "email": "benjamin@zikarsky.de"
                },
                {
                    "name": "gelf-php contributors",
                    "homepage": "https://github.com/bzikarsky/gelf-php/contributors"
                }
            ],
            "description": "A php implementation to send log-messages to a GELF compatible backend like Graylog2.",
            "time": "2015-10-22 15:07:05"
        },
        {
            "name": "monolog/monolog",
            "version": "1.17.2",
            "source": {
                "type": "git",
                "url": "https://github.com/Seldaek/monolog.git",
                "reference": "bee7f0dc9c3e0b69a6039697533dca1e845c8c24"
            },
            "dist": {
                "type": "zip",
                "url": "https://api.github.com/repos/Seldaek/monolog/zipball/bee7f0dc9c3e0b69a6039697533dca1e845c8c24",
                "reference": "bee7f0dc9c3e0b69a6039697533dca1e845c8c24",
                "shasum": ""
            },
            "require": {
                "php": ">=5.3.0",
                "psr/log": "~1.0"
            },
            "provide": {
                "psr/log-implementation": "1.0.0"
            },
            "require-dev": {
                "aws/aws-sdk-php": "^2.4.9",
                "doctrine/couchdb": "~1.0@dev",
                "graylog2/gelf-php": "~1.0",
                "jakub-onderka/php-parallel-lint": "0.9",
                "php-console/php-console": "^3.1.3",
                "phpunit/phpunit": "~4.5",
                "phpunit/phpunit-mock-objects": "2.3.0",
                "raven/raven": "^0.13",
                "ruflin/elastica": ">=0.90 <3.0",
                "swiftmailer/swiftmailer": "~5.3",
                "videlalvaro/php-amqplib": "~2.4"
            },
            "suggest": {
                "aws/aws-sdk-php": "Allow sending log messages to AWS services like DynamoDB",
                "doctrine/couchdb": "Allow sending log messages to a CouchDB server",
                "ext-amqp": "Allow sending log messages to an AMQP server (1.0+ required)",
                "ext-mongo": "Allow sending log messages to a MongoDB server",
                "graylog2/gelf-php": "Allow sending log messages to a GrayLog2 server",
                "php-console/php-console": "Allow sending log messages to Google Chrome",
                "raven/raven": "Allow sending log messages to a Sentry server",
                "rollbar/rollbar": "Allow sending log messages to Rollbar",
                "ruflin/elastica": "Allow sending log messages to an Elastic Search server",
                "videlalvaro/php-amqplib": "Allow sending log messages to an AMQP server using php-amqplib"
            },
            "type": "library",
            "extra": {
                "branch-alias": {
                    "dev-master": "1.16.x-dev"
                }
            },
            "autoload": {
                "psr-4": {
                    "Monolog\\": "src/Monolog"
                }
            },
            "notification-url": "https://packagist.org/downloads/",
            "license": [
                "MIT"
            ],
            "authors": [
                {
                    "name": "Jordi Boggiano",
                    "email": "j.boggiano@seld.be",
                    "homepage": "http://seld.be"
                }
            ],
            "description": "Sends your logs to files, sockets, inboxes, databases and various web services",
            "homepage": "http://github.com/Seldaek/monolog",
            "keywords": [
                "log",
                "logging",
                "psr-3"
            ],
            "time": "2015-10-14 12:51:02"
        },
        {
            "name": "psr/log",
            "version": "1.0.0",
            "source": {
                "type": "git",
                "url": "https://github.com/php-fig/log.git",
                "reference": "fe0936ee26643249e916849d48e3a51d5f5e278b"
            },
            "dist": {
                "type": "zip",
                "url": "https://api.github.com/repos/php-fig/log/zipball/fe0936ee26643249e916849d48e3a51d5f5e278b",
                "reference": "fe0936ee26643249e916849d48e3a51d5f5e278b",
                "shasum": ""
            },
            "type": "library",
            "autoload": {
                "psr-0": {
                    "Psr\\Log\\": ""
                }
            },
            "notification-url": "https://packagist.org/downloads/",
            "license": [
                "MIT"
            ],
            "authors": [
                {
                    "name": "PHP-FIG",
                    "homepage": "http://www.php-fig.org/"
                }
            ],
            "description": "Common interface for logging libraries",
            "keywords": [
                "log",
                "psr",
                "psr-3"
            ],
            "time": "2012-12-21 11:40:51"
        },
        {
            "name": "symfony/console",
            "version": "v2.7.6",
            "source": {
                "type": "git",
                "url": "https://github.com/symfony/console.git",
                "reference": "5efd632294c8320ea52492db22292ff853a43766"
            },
            "dist": {
                "type": "zip",
                "url": "https://api.github.com/repos/symfony/console/zipball/5efd632294c8320ea52492db22292ff853a43766",
                "reference": "5efd632294c8320ea52492db22292ff853a43766",
                "shasum": ""
            },
            "require": {
                "php": ">=5.3.9"
            },
            "require-dev": {
                "psr/log": "~1.0",
                "symfony/event-dispatcher": "~2.1",
                "symfony/process": "~2.1"
            },
            "suggest": {
                "psr/log": "For using the console logger",
                "symfony/event-dispatcher": "",
                "symfony/process": ""
            },
            "type": "library",
            "extra": {
                "branch-alias": {
                    "dev-master": "2.7-dev"
                }
            },
            "autoload": {
                "psr-4": {
                    "Symfony\\Component\\Console\\": ""
                }
            },
            "notification-url": "https://packagist.org/downloads/",
            "license": [
                "MIT"
            ],
            "authors": [
                {
                    "name": "Fabien Potencier",
                    "email": "fabien@symfony.com"
                },
                {
                    "name": "Symfony Community",
                    "homepage": "https://symfony.com/contributors"
                }
            ],
            "description": "Symfony Console Component",
            "homepage": "https://symfony.com",
            "time": "2015-10-20 14:38:46"
        },
        {
            "name": "symfony/event-dispatcher",
            "version": "v2.7.6",
            "source": {
                "type": "git",
                "url": "https://github.com/symfony/event-dispatcher.git",
                "reference": "87a5db5ea887763fa3a31a5471b512ff1596d9b8"
            },
            "dist": {
                "type": "zip",
                "url": "https://api.github.com/repos/symfony/event-dispatcher/zipball/87a5db5ea887763fa3a31a5471b512ff1596d9b8",
                "reference": "87a5db5ea887763fa3a31a5471b512ff1596d9b8",
                "shasum": ""
            },
            "require": {
                "php": ">=5.3.9"
            },
            "require-dev": {
                "psr/log": "~1.0",
                "symfony/config": "~2.0,>=2.0.5",
                "symfony/dependency-injection": "~2.6",
                "symfony/expression-language": "~2.6",
                "symfony/stopwatch": "~2.3"
            },
            "suggest": {
                "symfony/dependency-injection": "",
                "symfony/http-kernel": ""
            },
            "type": "library",
            "extra": {
                "branch-alias": {
                    "dev-master": "2.7-dev"
                }
            },
            "autoload": {
                "psr-4": {
                    "Symfony\\Component\\EventDispatcher\\": ""
                }
            },
            "notification-url": "https://packagist.org/downloads/",
            "license": [
                "MIT"
            ],
            "authors": [
                {
                    "name": "Fabien Potencier",
                    "email": "fabien@symfony.com"
                },
                {
                    "name": "Symfony Community",
                    "homepage": "https://symfony.com/contributors"
                }
            ],
            "description": "Symfony EventDispatcher Component",
            "homepage": "https://symfony.com",
            "time": "2015-10-11 09:39:48"
        },
        {
            "name": "symfony/monolog-bridge",
            "version": "v2.7.6",
            "source": {
                "type": "git",
                "url": "https://github.com/symfony/monolog-bridge.git",
                "reference": "9fdb08c4b0885d502aa8c0d0b4cdb71bfb13864c"
            },
            "dist": {
                "type": "zip",
                "url": "https://api.github.com/repos/symfony/monolog-bridge/zipball/9fdb08c4b0885d502aa8c0d0b4cdb71bfb13864c",
                "reference": "9fdb08c4b0885d502aa8c0d0b4cdb71bfb13864c",
                "shasum": ""
            },
            "require": {
                "monolog/monolog": "~1.11",
                "php": ">=5.3.9"
            },
            "require-dev": {
                "symfony/console": "~2.4",
                "symfony/event-dispatcher": "~2.2",
                "symfony/http-kernel": "~2.4"
            },
            "suggest": {
                "symfony/console": "For the possibility to show log messages in console commands depending on verbosity settings. You need version ~2.3 of the console for it.",
                "symfony/event-dispatcher": "Needed when using log messages in console commands.",
                "symfony/http-kernel": "For using the debugging handlers together with the response life cycle of the HTTP kernel."
            },
            "type": "symfony-bridge",
            "extra": {
                "branch-alias": {
                    "dev-master": "2.7-dev"
                }
            },
            "autoload": {
                "psr-4": {
                    "Symfony\\Bridge\\Monolog\\": ""
                }
            },
            "notification-url": "https://packagist.org/downloads/",
            "license": [
                "MIT"
            ],
            "authors": [
                {
                    "name": "Fabien Potencier",
                    "email": "fabien@symfony.com"
                },
                {
                    "name": "Symfony Community",
                    "homepage": "https://symfony.com/contributors"
                }
            ],
            "description": "Symfony Monolog Bridge",
            "homepage": "https://symfony.com",
            "time": "2015-10-11 09:39:48"
        }
    ],
    "packages-dev": [],
    "aliases": [],
    "minimum-stability": "stable",
    "stability-flags": [],
    "prefer-stable": false,
    "prefer-lowest": false,
    "platform": [],
    "platform-dev": []
}
